
Microsoft Visual Studio Solution File, Format Version 12.00
# Visual Studio Version 17
VisualStudioVersion = 17.8.34330.188
MinimumVisualStudioVersion = 10.0.40219.1
Project("{FAE04EC0-301F-11D3-BF4B-00C04F79EFBC}") = "pralnia", "pralnia\pralnia.csproj", "{DDD5CEC6-D661-4F16-A544-044D489E350A}"
EndProject
Global
	GlobalSection(SolutionConfigurationPlatforms) = preSolution
		Debug|Any CPU = Debug|Any CPU
		Release|Any CPU = Release|Any CPU
	EndGlobalSection
	GlobalSection(ProjectConfigurationPlatforms) = postSolution
		{DDD5CEC6-D661-4F16-A544-044D489E350A}.Debug|Any CPU.ActiveCfg = Debug|Any CPU
		{DDD5CEC6-D661-4F16-A544-044D489E350A}.Debug|Any CPU.Build.0 = Debug|Any CPU
		{DDD5CEC6-D661-4F16-A544-044D489E350A}.Release|Any CPU.ActiveCfg = Release|Any CPU
		{DDD5CEC6-D661-4F16-A544-044D489E350A}.Release|Any CPU.Build.0 = Release|Any CPU
	EndGlobalSection
	GlobalSection(SolutionProperties) = preSolution
		HideSolutionNode = FALSE
	EndGlobalSection
	GlobalSection(ExtensibilityGlobals) = postSolution
		SolutionGuid = {B61788DE-F245-466D-B545-30E719BD92AC}
	EndGlobalSection
EndGlobal
